
Microsoft Visual Studio Solution File, Format Version 12.00
# Visual Studio 14
VisualStudioVersion = 14.0.25420.1
MinimumVisualStudioVersion = 10.0.40219.1
Project("{A07B5EB6-E848-4116-A8D0-A826331D98C6}") = "SFActors.BankAccounts", "SFActors.BankAccounts\SFActors.BankAccounts.sfproj", "{73684A8D-E09C-4391-8E28-B6006751B306}"
EndProject
Project("{FAE04EC0-301F-11D3-BF4B-00C04F79EFBC}") = "BankAccount", "BankAccount\BankAccount.csproj", "{A78AA9A5-C40D-4AD4-9B81-ED2EADFCEA8E}"
EndProject
Project("{FAE04EC0-301F-11D3-BF4B-00C04F79EFBC}") = "BankAccount.Interfaces", "BankAccount.Interfaces\BankAccount.Interfaces.csproj", "{DC50AA70-66C2-4DE5-8BFE-70A35D462805}"
EndProject
Project("{FAE04EC0-301F-11D3-BF4B-00C04F79EFBC}") = "TestClientConsole", "TestClientConsole\TestClientConsole.csproj", "{027C306D-0CF9-45CC-BC58-2BBB375F44B4}"
EndProject
Project("{FAE04EC0-301F-11D3-BF4B-00C04F79EFBC}") = "SFActors.WebAPI", "SFActors.WebAPI\SFActors.WebAPI.csproj", "{6D967959-CA43-4D5E-8309-A9B26E5EAEC7}"
EndProject
Project("{FAE04EC0-301F-11D3-BF4B-00C04F79EFBC}") = "TestClientConsoleAzureSFCluster", "TestClientConsoleAzureSFCluster\TestClientConsoleAzureSFCluster.csproj", "{65936D02-B0F1-4AC0-929D-D433F246AD97}"
EndProject
Project("{FAE04EC0-301F-11D3-BF4B-00C04F79EFBC}") = "SFActors.WebAPI.Contracts", "SFActors.WebAPI.Contracts\SFActors.WebAPI.Contracts.csproj", "{CAC8D438-EA2E-4472-800B-481D8CDAA391}"
EndProject
Global
	GlobalSection(SolutionConfigurationPlatforms) = preSolution
		Debug|Any CPU = Debug|Any CPU
		Debug|x64 = Debug|x64
		Release|Any CPU = Release|Any CPU
		Release|x64 = Release|x64
	EndGlobalSection
	GlobalSection(ProjectConfigurationPlatforms) = postSolution
		{73684A8D-E09C-4391-8E28-B6006751B306}.Debug|Any CPU.ActiveCfg = Debug|x64
		{73684A8D-E09C-4391-8E28-B6006751B306}.Debug|x64.ActiveCfg = Debug|x64
		{73684A8D-E09C-4391-8E28-B6006751B306}.Debug|x64.Build.0 = Debug|x64
		{73684A8D-E09C-4391-8E28-B6006751B306}.Debug|x64.Deploy.0 = Debug|x64
		{73684A8D-E09C-4391-8E28-B6006751B306}.Release|Any CPU.ActiveCfg = Release|x64
		{73684A8D-E09C-4391-8E28-B6006751B306}.Release|x64.ActiveCfg = Release|x64
		{73684A8D-E09C-4391-8E28-B6006751B306}.Release|x64.Build.0 = Release|x64
		{73684A8D-E09C-4391-8E28-B6006751B306}.Release|x64.Deploy.0 = Release|x64
		{A78AA9A5-C40D-4AD4-9B81-ED2EADFCEA8E}.Debug|Any CPU.ActiveCfg = Debug|x64
		{A78AA9A5-C40D-4AD4-9B81-ED2EADFCEA8E}.Debug|x64.ActiveCfg = Debug|x64
		{A78AA9A5-C40D-4AD4-9B81-ED2EADFCEA8E}.Debug|x64.Build.0 = Debug|x64
		{A78AA9A5-C40D-4AD4-9B81-ED2EADFCEA8E}.Release|Any CPU.ActiveCfg = Release|x64
		{A78AA9A5-C40D-4AD4-9B81-ED2EADFCEA8E}.Release|x64.ActiveCfg = Release|x64
		{A78AA9A5-C40D-4AD4-9B81-ED2EADFCEA8E}.Release|x64.Build.0 = Release|x64
		{DC50AA70-66C2-4DE5-8BFE-70A35D462805}.Debug|Any CPU.ActiveCfg = Debug|x64
		{DC50AA70-66C2-4DE5-8BFE-70A35D462805}.Debug|x64.ActiveCfg = Debug|x64
		{DC50AA70-66C2-4DE5-8BFE-70A35D462805}.Debug|x64.Build.0 = Debug|x64
		{DC50AA70-66C2-4DE5-8BFE-70A35D462805}.Release|Any CPU.ActiveCfg = Release|x64
		{DC50AA70-66C2-4DE5-8BFE-70A35D462805}.Release|x64.ActiveCfg = Release|x64
		{DC50AA70-66C2-4DE5-8BFE-70A35D462805}.Release|x64.Build.0 = Release|x64
		{027C306D-0CF9-45CC-BC58-2BBB375F44B4}.Debug|Any CPU.ActiveCfg = Debug|Any CPU
		{027C306D-0CF9-45CC-BC58-2BBB375F44B4}.Debug|Any CPU.Build.0 = Debug|Any CPU
		{027C306D-0CF9-45CC-BC58-2BBB375F44B4}.Debug|x64.ActiveCfg = Debug|Any CPU
		{027C306D-0CF9-45CC-BC58-2BBB375F44B4}.Debug|x64.Build.0 = Debug|Any CPU
		{027C306D-0CF9-45CC-BC58-2BBB375F44B4}.Release|Any CPU.ActiveCfg = Release|Any CPU
		{027C306D-0CF9-45CC-BC58-2BBB375F44B4}.Release|Any CPU.Build.0 = Release|Any CPU
		{027C306D-0CF9-45CC-BC58-2BBB375F44B4}.Release|x64.ActiveCfg = Release|Any CPU
		{027C306D-0CF9-45CC-BC58-2BBB375F44B4}.Release|x64.Build.0 = Release|Any CPU
		{6D967959-CA43-4D5E-8309-A9B26E5EAEC7}.Debug|Any CPU.ActiveCfg = Debug|x64
		{6D967959-CA43-4D5E-8309-A9B26E5EAEC7}.Debug|x64.ActiveCfg = Debug|x64
		{6D967959-CA43-4D5E-8309-A9B26E5EAEC7}.Debug|x64.Build.0 = Debug|x64
		{6D967959-CA43-4D5E-8309-A9B26E5EAEC7}.Release|Any CPU.ActiveCfg = Release|x64
		{6D967959-CA43-4D5E-8309-A9B26E5EAEC7}.Release|x64.ActiveCfg = Release|x64
		{6D967959-CA43-4D5E-8309-A9B26E5EAEC7}.Release|x64.Build.0 = Release|x64
		{65936D02-B0F1-4AC0-929D-D433F246AD97}.Debug|Any CPU.ActiveCfg = Debug|Any CPU
		{65936D02-B0F1-4AC0-929D-D433F246AD97}.Debug|Any CPU.Build.0 = Debug|Any CPU
		{65936D02-B0F1-4AC0-929D-D433F246AD97}.Debug|x64.ActiveCfg = Debug|Any CPU
		{65936D02-B0F1-4AC0-929D-D433F246AD97}.Debug|x64.Build.0 = Debug|Any CPU
		{65936D02-B0F1-4AC0-929D-D433F246AD97}.Release|Any CPU.ActiveCfg = Release|Any CPU
		{65936D02-B0F1-4AC0-929D-D433F246AD97}.Release|Any CPU.Build.0 = Release|Any CPU
		{65936D02-B0F1-4AC0-929D-D433F246AD97}.Release|x64.ActiveCfg = Release|Any CPU
		{65936D02-B0F1-4AC0-929D-D433F246AD97}.Release|x64.Build.0 = Release|Any CPU
		{CAC8D438-EA2E-4472-800B-481D8CDAA391}.Debug|Any CPU.ActiveCfg = Debug|Any CPU
		{CAC8D438-EA2E-4472-800B-481D8CDAA391}.Debug|Any CPU.Build.0 = Debug|Any CPU
		{CAC8D438-EA2E-4472-800B-481D8CDAA391}.Debug|x64.ActiveCfg = Debug|Any CPU
		{CAC8D438-EA2E-4472-800B-481D8CDAA391}.Debug|x64.Build.0 = Debug|Any CPU
		{CAC8D438-EA2E-4472-800B-481D8CDAA391}.Release|Any CPU.ActiveCfg = Release|Any CPU
		{CAC8D438-EA2E-4472-800B-481D8CDAA391}.Release|Any CPU.Build.0 = Release|Any CPU
		{CAC8D438-EA2E-4472-800B-481D8CDAA391}.Release|x64.ActiveCfg = Release|Any CPU
		{CAC8D438-EA2E-4472-800B-481D8CDAA391}.Release|x64.Build.0 = Release|Any CPU
	EndGlobalSection
	GlobalSection(SolutionProperties) = preSolution
		HideSolutionNode = FALSE
	EndGlobalSection
EndGlobal
